<?xml version="1.0" encoding="utf-8"?>
<Project ToolsVersion="4.0" xmlns="http://schemas.microsoft.com/developer/msbuild/2003">
  <ItemGroup>
    <Filter Include="Modules">
      <UniqueIdentifier>{3b7a310d-28a1-4a77-b2a8-75557bca29a0}</UniqueIdentifier>
    </Filter>
    <Filter Include="Classes">
      <UniqueIdentifier>{86f18766-88a0-455a-8695-035d08e2584b}</UniqueIdentifier>
    </Filter>
    <Filter Include="Modules\Header files">
      <UniqueIdentifier>{515b93db-9099-4df7-a56d-18b31e3a1243}</UniqueIdentifier>
    </Filter>
    <Filter Include="Resources">
      <UniqueIdentifier>{8a99d7d0-9fe1-4d4b-9f9c-9e7d94ed3384}</UniqueIdentifier>
    </Filter>
    <Filter Include="Main">
      <UniqueIdentifier>{e8febf73-d095-463d-a5d2-26d1d05be651}</UniqueIdentifier>
    </Filter>
    <Filter Include="Classes\Header files">
      <UniqueIdentifier>{70db3907-2c1f-4e4c-b6ca-8072e79e8ad0}</UniqueIdentifier>
    </Filter>
    <Filter Include="Classes\Source code files">
      <UniqueIdentifier>{6ea6e139-13a4-4f12-899d-a0dea06d15d7}</UniqueIdentifier>
    </Filter>
    <Filter Include="Modules\Source code files">
      <UniqueIdentifier>{158b1af4-1cfe-472b-8c80-0e25a43ab7e8}</UniqueIdentifier>
    </Filter>
  </ItemGroup>
  <ItemGroup>
    <ClCompile Include="ModuleAudio.cpp">
      <Filter>Modules\Source code files</Filter>
    </ClCompile>
    <ClCompile Include="ModuleFadeToBlack.cpp">
      <Filter>Modules\Source code files</Filter>
    </ClCompile>
    <ClCompile Include="ModuleInput.cpp">
      <Filter>Modules\Source code files</Filter>
    </ClCompile>
    <ClCompile Include="ModulePlayer.cpp">
      <Filter>Modules\Source code files</Filter>
    </ClCompile>
    <ClCompile Include="ModuleSceneChina.cpp">
      <Filter>Modules\Source code files</Filter>
    </ClCompile>
    <ClCompile Include="ModuleRender.cpp">
      <Filter>Modules\Source code files</Filter>
    </ClCompile>
    <ClCompile Include="ModuleTextures.cpp">
      <Filter>Modules\Source code files</Filter>
    </ClCompile>
    <ClCompile Include="ModuleWindow.cpp">
      <Filter>Modules\Source code files</Filter>
    </ClCompile>
    <ClCompile Include="log.cpp">
      <Filter>Resources</Filter>
    </ClCompile>
    <ClCompile Include="parson.c">
      <Filter>Resources</Filter>
    </ClCompile>
    <ClCompile Include="Main.cpp">
      <Filter>Main</Filter>
    </ClCompile>
    <ClCompile Include="Application.cpp">
      <Filter>Main</Filter>
    </ClCompile>
    <ClCompile Include="Player.cpp" />
  </ItemGroup>
  <ItemGroup>
    <ClInclude Include="Module.h">
      <Filter>Modules\Header files</Filter>
    </ClInclude>
    <ClInclude Include="ModuleAudio.h">
      <Filter>Modules\Header files</Filter>
    </ClInclude>
    <ClInclude Include="ModuleFadeToBlack.h">
      <Filter>Modules\Header files</Filter>
    </ClInclude>
    <ClInclude Include="ModuleInput.h">
      <Filter>Modules\Header files</Filter>
    </ClInclude>
    <ClInclude Include="ModulePlayer.h">
      <Filter>Modules\Header files</Filter>
    </ClInclude>
    <ClInclude Include="ModuleRender.h">
      <Filter>Modules\Header files</Filter>
    </ClInclude>
    <ClInclude Include="ModuleSceneChina.h">
      <Filter>Modules\Header files</Filter>
    </ClInclude>
    <ClInclude Include="ModuleTextures.h">
      <Filter>Modules\Header files</Filter>
    </ClInclude>
    <ClInclude Include="ModuleWindow.h">
      <Filter>Modules\Header files</Filter>
    </ClInclude>
    <ClInclude Include="Animation.h">
      <Filter>Resources</Filter>
    </ClInclude>
    <ClInclude Include="ConfigParson.h">
      <Filter>Resources</Filter>
    </ClInclude>
    <ClInclude Include="Globals.h">
      <Filter>Resources</Filter>
    </ClInclude>
    <ClInclude Include="parson.h">
      <Filter>Resources</Filter>
    </ClInclude>
    <ClInclude Include="Application.h">
      <Filter>Main</Filter>
    </ClInclude>
    <ClInclude Include="Entity.h">
      <Filter>Classes\Header files</Filter>
    </ClInclude>
    <ClInclude Include="Point.h">
      <Filter>Resources</Filter>
    </ClInclude>
    <ClInclude Include="Player.h" />
  </ItemGroup>
  <ItemGroup>
    <None Include="Game\config.json">
      <Filter>Resources</Filter>
    </None>
  </ItemGroup>
</Project>